github.com/go-gl/gl v0.0.0-20260331235117-4566fea9a276 h1:IO5P06Pcj9K04d+l4nrf3c2U56+dAotIFG6u4P1wAHI=
github.com/go-gl/gl v0.0.0-20260331235117-4566fea9a276/go.mod h1:9YTyiznxEY1fVinfM7RvRcjRHbw2xLBJ3AAGIT0I4Nw=
github.com/go-gl/glfw/v3.4/glfw v0.1.0-pre.1 h1:nIVzcwqIaO1mK8LFr0fGkKpgQD4wJDDHRyv4t5k40Ps=
github.com/go-gl/glfw/v3.4/glfw v0.1.0-pre.1/go.mod h1:T5Dn0JwIJOX1euPZ/iT4tq6nFYtmukjcYa7937HuYK8=
